<?xml version="1.0" encoding="utf-8"?>
<Project ToolsVersion="4.0" xmlns="http://schemas.microsoft.com/developer/msbuild/2003">
  <ItemGroup>
    <Filter Include="Fichiers de ressources">
      <UniqueIdentifier>{67DA6AB6-F800-4c08-8B7A-83BB121AAD01}</UniqueIdentifier>
      <Extensions>rc;ico;cur;bmp;dlg;rc2;rct;bin;rgs;gif;jpg;jpeg;jpe;resx;tiff;tif;png;wav;mfcribbon-ms</Extensions>
    </Filter>
    <Filter Include="include">
      <UniqueIdentifier>{93995380-89BD-4b04-88EB-625FBE52EBFB}</UniqueIdentifier>
      <Extensions>h;hh;hpp;hxx;h++;hm;inl;inc;ipp;xsd</Extensions>
    </Filter>
    <Filter Include="src">
      <UniqueIdentifier>{4FC737F1-C7A5-4376-A066-2A32D752A2FF}</UniqueIdentifier>
      <Extensions>cpp;c;cc;cxx;c++;cppm;ixx;def;odl;idl;hpj;bat;asm;asmx</Extensions>
    </Filter>
  </ItemGroup>
  <ItemGroup>
    <ClCompile Include="Scion-Audio.cpp">
      <Filter>src</Filter>
    </ClCompile>
    <ClCompile Include="dllmain.cpp">
      <Filter>src</Filter>
    </ClCompile>
    <ClCompile Include="pch.cpp">
      <Filter>src</Filter>
    </ClCompile>
    <ClCompile Include="MMIOFileImpl.cpp">
      <Filter>src</Filter>
    </ClCompile>
    <ClCompile Include="AudioManagerImpl.cpp">
      <Filter>src</Filter>
    </ClCompile>
    <ClCompile Include="SoundBuffer.cpp">
      <Filter>src</Filter>
    </ClCompile>
    <ClCompile Include="AudioManager.cpp">
      <Filter>src</Filter>
    </ClCompile>
    <ClCompile Include="MMIOFile.cpp">
      <Filter>src</Filter>
    </ClCompile>
    <ClCompile Include="SoundBufferImpl.cpp">
      <Filter>src</Filter>
    </ClCompile>
  </ItemGroup>
  <ItemGroup>
    <None Include="Scion-Audio.def">
      <Filter>src</Filter>
    </None>
    <None Include="res\Scion-Audio.rc2">
      <Filter>Fichiers de ressources</Filter>
    </None>
  </ItemGroup>
  <ItemGroup>
    <ClInclude Include="framework.h">
      <Filter>src</Filter>
    </ClInclude>
    <ClInclude Include="pch.h">
      <Filter>src</Filter>
    </ClInclude>
    <ClInclude Include="Resource.h">
      <Filter>src</Filter>
    </ClInclude>
    <ClInclude Include="targetver.h">
      <Filter>src</Filter>
    </ClInclude>
    <ClInclude Include="..\..\include\Scion\Audio\SoundBuffer.h">
      <Filter>include</Filter>
    </ClInclude>
    <ClInclude Include="AudioManagerImpl.h">
      <Filter>src</Filter>
    </ClInclude>
    <ClInclude Include="..\..\include\Scion\Audio\AudioManager.h">
      <Filter>include</Filter>
    </ClInclude>
    <ClInclude Include="MMIOFileImpl.h">
      <Filter>src</Filter>
    </ClInclude>
    <ClInclude Include="..\..\include\Scion\Audio\MMIOFile.h">
      <Filter>include</Filter>
    </ClInclude>
    <ClInclude Include="SoundBufferImpl.h">
      <Filter>src</Filter>
    </ClInclude>
  </ItemGroup>
  <ItemGroup>
    <ResourceCompile Include="Scion-Audio.rc">
      <Filter>Fichiers de ressources</Filter>
    </ResourceCompile>
  </ItemGroup>
</Project>